
Microsoft Visual Studio Solution File, Format Version 12.00
# Visual Studio Version 17
VisualStudioVersion = 17.7.34024.191
MinimumVisualStudioVersion = 10.0.40219.1
Project("{FAE04EC0-301F-11D3-BF4B-00C04F79EFBC}") = "SingletonDesignPattern", "SingletonDesignPattern\SingletonDesignPattern.csproj", "{70FB6A7F-319F-4930-9E09-207F13786425}"
EndProject
Project("{FAE04EC0-301F-11D3-BF4B-00C04F79EFBC}") = "FactoryPattern", "FactoryPattern\FactoryPattern.csproj", "{0AA0ED9F-30F6-48C5-A20D-2D370F3CE0BD}"
EndProject
Global
	GlobalSection(SolutionConfigurationPlatforms) = preSolution
		Debug|Any CPU = Debug|Any CPU
		Release|Any CPU = Release|Any CPU
	EndGlobalSection
	GlobalSection(ProjectConfigurationPlatforms) = postSolution
		{70FB6A7F-319F-4930-9E09-207F13786425}.Debug|Any CPU.ActiveCfg = Debug|Any CPU
		{70FB6A7F-319F-4930-9E09-207F13786425}.Debug|Any CPU.Build.0 = Debug|Any CPU
		{70FB6A7F-319F-4930-9E09-207F13786425}.Release|Any CPU.ActiveCfg = Release|Any CPU
		{70FB6A7F-319F-4930-9E09-207F13786425}.Release|Any CPU.Build.0 = Release|Any CPU
		{0AA0ED9F-30F6-48C5-A20D-2D370F3CE0BD}.Debug|Any CPU.ActiveCfg = Debug|Any CPU
		{0AA0ED9F-30F6-48C5-A20D-2D370F3CE0BD}.Debug|Any CPU.Build.0 = Debug|Any CPU
		{0AA0ED9F-30F6-48C5-A20D-2D370F3CE0BD}.Release|Any CPU.ActiveCfg = Release|Any CPU
		{0AA0ED9F-30F6-48C5-A20D-2D370F3CE0BD}.Release|Any CPU.Build.0 = Release|Any CPU
	EndGlobalSection
	GlobalSection(SolutionProperties) = preSolution
		HideSolutionNode = FALSE
	EndGlobalSection
	GlobalSection(ExtensibilityGlobals) = postSolution
		SolutionGuid = {1B30276A-6FCC-4CF5-B13E-0CAA6D127555}
	EndGlobalSection
EndGlobal
